{
  "name": "asynchronus",
  "version": "1.0.0",
  "lockfileVersion": 2,
  "requires": true,
  "packages": {
    "": {
      "name": "asynchronus",
      "version": "1.0.0",
      "license": "ISC",
      "dependencies": {
        "node-fetch": "^2.6.0"
      },
      "devDependencies": {
        "@types/node-fetch": "^3.0.3"
      }
    },
    "node_modules/@types/node-fetch": {
      "version": "3.0.3",
      "resolved": "https://registry.npmjs.org/@types/node-fetch/-/node-fetch-3.0.3.tgz",
      "integrity": "sha512-HhggYPH5N+AQe/OmN6fmhKmRRt2XuNJow+R3pQwJxOOF9GuwM7O2mheyGeIrs5MOIeNjDEdgdoyHBOrFeJBR3g==",
      "deprecated": "This is a stub types definition. node-fetch provides its own type definitions, so you do not need this installed.",
      "dev": true,
      "dependencies": {
        "node-fetch": "*"
      }
    },
    "node_modules/node-fetch": {
      "version": "2.6.0",
      "resolved": "https://registry.npmjs.org/node-fetch/-/node-fetch-2.6.0.tgz",
      "integrity": "sha512-8dG4H5ujfvFiqDmVu9fQ5bOHUC15JMjMY/Zumv26oOvvVJjM67KF8koCWIabKQ1GJIa9r2mMZscBq/TbdOcmNA==",
      "engines": {
        "node": "4.x || >=6.0.0"
      }
    }
  },
  "dependencies": {
    "@types/node-fetch": {
      "version": "3.0.3",
      "resolved": "https://registry.npmjs.org/@types/node-fetch/-/node-fetch-3.0.3.tgz",
      "integrity": "sha512-HhggYPH5N+AQe/OmN6fmhKmRRt2XuNJow+R3pQwJxOOF9GuwM7O2mheyGeIrs5MOIeNjDEdgdoyHBOrFeJBR3g==",
      "dev": true,
      "requires": {
        "node-fetch": "*"
      }
    },
    "node-fetch": {
      "version": "2.6.0",
      "resolved": "https://registry.npmjs.org/node-fetch/-/node-fetch-2.6.0.tgz",
      "integrity": "sha512-8dG4H5ujfvFiqDmVu9fQ5bOHUC15JMjMY/Zumv26oOvvVJjM67KF8koCWIabKQ1GJIa9r2mMZscBq/TbdOcmNA=="
    }
  }
}
